
Microsoft Visual Studio Solution File, Format Version 12.00
# Visual Studio Version 16
VisualStudioVersion = 16.0.29409.12
MinimumVisualStudioVersion = 10.0.40219.1
Project("{888888A0-9F3D-457C-B088-3A5042F75D52}") = "lztools", "lztools.pyproj", "{08C432BD-F767-4BF4-8CB9-653A6AE48D7E}"
EndProject
Global
	GlobalSection(SolutionConfigurationPlatforms) = preSolution
		Debug|Any CPU = Debug|Any CPU
		Release|Any CPU = Release|Any CPU
	EndGlobalSection
	GlobalSection(ProjectConfigurationPlatforms) = postSolution
		{08C432BD-F767-4BF4-8CB9-653A6AE48D7E}.Debug|Any CPU.ActiveCfg = Debug|Any CPU
		{08C432BD-F767-4BF4-8CB9-653A6AE48D7E}.Release|Any CPU.ActiveCfg = Release|Any CPU
	EndGlobalSection
	GlobalSection(SolutionProperties) = preSolution
		HideSolutionNode = FALSE
	EndGlobalSection
	GlobalSection(ExtensibilityGlobals) = postSolution
		SolutionGuid = {6B354F16-FA6F-4759-AEE4-63F8BB71BD8C}
	EndGlobalSection
EndGlobal
